
Microsoft Visual Studio Solution File, Format Version 12.00
# Visual Studio 15
VisualStudioVersion = 15.0.27428.2015
MinimumVisualStudioVersion = 10.0.40219.1
Project("{FAE04EC0-301F-11D3-BF4B-00C04F79EFBC}") = "TTSLuaExtractor", "TTSLuaExtractor.csproj", "{C710DA5F-96F4-47A5-90B9-3F6A3C5CE4C6}"
EndProject
Global
	GlobalSection(SolutionConfigurationPlatforms) = preSolution
		Debug|Any CPU = Debug|Any CPU
		Release|Any CPU = Release|Any CPU
	EndGlobalSection
	GlobalSection(ProjectConfigurationPlatforms) = postSolution
		{C710DA5F-96F4-47A5-90B9-3F6A3C5CE4C6}.Debug|Any CPU.ActiveCfg = Debug|Any CPU
		{C710DA5F-96F4-47A5-90B9-3F6A3C5CE4C6}.Debug|Any CPU.Build.0 = Debug|Any CPU
		{C710DA5F-96F4-47A5-90B9-3F6A3C5CE4C6}.Release|Any CPU.ActiveCfg = Release|Any CPU
		{C710DA5F-96F4-47A5-90B9-3F6A3C5CE4C6}.Release|Any CPU.Build.0 = Release|Any CPU
	EndGlobalSection
	GlobalSection(SolutionProperties) = preSolution
		HideSolutionNode = FALSE
	EndGlobalSection
	GlobalSection(ExtensibilityGlobals) = postSolution
		SolutionGuid = {6C285789-D616-4D79-BAD0-E78EE4B01D5A}
	EndGlobalSection
EndGlobal
